
Microsoft Visual Studio Solution File, Format Version 9.00
# Visual Studio 2005
Project("{2150E333-8FDC-42A3-9474-1A3956D46DE8}") = "Article", "Article", "{C02FEEDC-C11C-4474-B228-FD66D94EAD92}"
	ProjectSection(WebsiteProperties) = preProject
		Debug.AspNetCompiler.Debug = "True"
		Release.AspNetCompiler.Debug = "False"
	EndProjectSection
	ProjectSection(SolutionItems) = preProject
		Article\objectlevelsecurity.html = Article\objectlevelsecurity.html
	EndProjectSection
EndProject
Project("{2150E333-8FDC-42A3-9474-1A3956D46DE8}") = "Build", "Build", "{07E9F998-7930-4482-88F9-80A18BEBFBD4}"
	ProjectSection(WebsiteProperties) = preProject
		Debug.AspNetCompiler.Debug = "True"
		Release.AspNetCompiler.Debug = "False"
	EndProjectSection
	ProjectSection(SolutionItems) = preProject
		build.cmd = build.cmd
		ObjectLevelSecurity.proj = ObjectLevelSecurity.proj
	EndProjectSection
EndProject
Project("{2150E333-8FDC-42A3-9474-1A3956D46DE8}") = "Source", "Source", "{887EA236-6853-4E80-BCFB-C025CB0DDBC6}"
	ProjectSection(WebsiteProperties) = preProject
		Debug.AspNetCompiler.Debug = "True"
		Release.AspNetCompiler.Debug = "False"
	EndProjectSection
EndProject
Project("{FAE04EC0-301F-11D3-BF4B-00C04F79EFBC}") = "Data.Script", "Source\Data.Script\Data.Script.csproj", "{D69FCAC7-47F5-4044-8EDC-167CB3BABBB2}"
	ProjectSection(WebsiteProperties) = preProject
		Debug.AspNetCompiler.Debug = "True"
		Release.AspNetCompiler.Debug = "False"
	EndProjectSection
	ProjectSection(ProjectDependencies) = postProject
		{BF585E8E-53F4-4C26-9B32-5F284E50D6DA} = {BF585E8E-53F4-4C26-9B32-5F284E50D6DA}
	EndProjectSection
EndProject
Project("{FAE04EC0-301F-11D3-BF4B-00C04F79EFBC}") = "Version", "Source\Version\Version.csproj", "{BF585E8E-53F4-4C26-9B32-5F284E50D6DA}"
	ProjectSection(WebsiteProperties) = preProject
		Debug.AspNetCompiler.Debug = "True"
		Release.AspNetCompiler.Debug = "False"
	EndProjectSection
EndProject
Project("{FAE04EC0-301F-11D3-BF4B-00C04F79EFBC}") = "Data.NHibernate", "Source\Data.NHibernate\Data.NHibernate.csproj", "{CAD503EE-8177-4249-9ED4-7CB4499FB69C}"
	ProjectSection(WebsiteProperties) = preProject
		Debug.AspNetCompiler.Debug = "True"
		Release.AspNetCompiler.Debug = "False"
	EndProjectSection
EndProject
Project("{FAE04EC0-301F-11D3-BF4B-00C04F79EFBC}") = "Data.NHibernate.UnitTests", "Source\Data.NHibernate.UnitTests\Data.NHibernate.UnitTests.csproj", "{0EA3B094-392F-43F1-8E95-243BFD794FDF}"
	ProjectSection(WebsiteProperties) = preProject
		Debug.AspNetCompiler.Debug = "True"
		Release.AspNetCompiler.Debug = "False"
	EndProjectSection
EndProject
Project("{FAE04EC0-301F-11D3-BF4B-00C04F79EFBC}") = "Service.Identity", "Source\Service.Identity\Service.Identity.csproj", "{40BB88F2-A83F-4FD7-AFA4-C5FA6D89D23B}"
	ProjectSection(WebsiteProperties) = preProject
		Debug.AspNetCompiler.Debug = "True"
		Release.AspNetCompiler.Debug = "False"
	EndProjectSection
EndProject
Project("{FAE04EC0-301F-11D3-BF4B-00C04F79EFBC}") = "Service.NHibernate", "Source\Service.NHibernate\Service.NHibernate.csproj", "{00164BE6-95B8-4F21-B833-15BE79900940}"
	ProjectSection(WebsiteProperties) = preProject
		Debug.AspNetCompiler.Debug = "True"
		Release.AspNetCompiler.Debug = "False"
	EndProjectSection
EndProject
Project("{FAE04EC0-301F-11D3-BF4B-00C04F79EFBC}") = "Service.Identity.UnitTests", "Source\Service.Identity.UnitTests\Service.Identity.UnitTests.csproj", "{9769694C-1E04-4941-8488-864C0CCDC8F1}"
	ProjectSection(WebsiteProperties) = preProject
		Debug.AspNetCompiler.Debug = "True"
		Release.AspNetCompiler.Debug = "False"
	EndProjectSection
EndProject
Global
	GlobalSection(SolutionConfigurationPlatforms) = preSolution
		Debug|Any CPU = Debug|Any CPU
		Release|Any CPU = Release|Any CPU
	EndGlobalSection
	GlobalSection(ProjectConfigurationPlatforms) = postSolution
		{D69FCAC7-47F5-4044-8EDC-167CB3BABBB2}.Debug|Any CPU.ActiveCfg = Debug|Any CPU
		{D69FCAC7-47F5-4044-8EDC-167CB3BABBB2}.Debug|Any CPU.Build.0 = Debug|Any CPU
		{D69FCAC7-47F5-4044-8EDC-167CB3BABBB2}.Release|Any CPU.ActiveCfg = Release|Any CPU
		{D69FCAC7-47F5-4044-8EDC-167CB3BABBB2}.Release|Any CPU.Build.0 = Release|Any CPU
		{BF585E8E-53F4-4C26-9B32-5F284E50D6DA}.Debug|Any CPU.ActiveCfg = Debug|Any CPU
		{BF585E8E-53F4-4C26-9B32-5F284E50D6DA}.Debug|Any CPU.Build.0 = Debug|Any CPU
		{BF585E8E-53F4-4C26-9B32-5F284E50D6DA}.Release|Any CPU.ActiveCfg = Release|Any CPU
		{BF585E8E-53F4-4C26-9B32-5F284E50D6DA}.Release|Any CPU.Build.0 = Release|Any CPU
		{CAD503EE-8177-4249-9ED4-7CB4499FB69C}.Debug|Any CPU.ActiveCfg = Debug|Any CPU
		{CAD503EE-8177-4249-9ED4-7CB4499FB69C}.Debug|Any CPU.Build.0 = Debug|Any CPU
		{CAD503EE-8177-4249-9ED4-7CB4499FB69C}.Release|Any CPU.ActiveCfg = Release|Any CPU
		{CAD503EE-8177-4249-9ED4-7CB4499FB69C}.Release|Any CPU.Build.0 = Release|Any CPU
		{0EA3B094-392F-43F1-8E95-243BFD794FDF}.Debug|Any CPU.ActiveCfg = Debug|Any CPU
		{0EA3B094-392F-43F1-8E95-243BFD794FDF}.Debug|Any CPU.Build.0 = Debug|Any CPU
		{0EA3B094-392F-43F1-8E95-243BFD794FDF}.Release|Any CPU.ActiveCfg = Release|Any CPU
		{0EA3B094-392F-43F1-8E95-243BFD794FDF}.Release|Any CPU.Build.0 = Release|Any CPU
		{40BB88F2-A83F-4FD7-AFA4-C5FA6D89D23B}.Debug|Any CPU.ActiveCfg = Debug|Any CPU
		{40BB88F2-A83F-4FD7-AFA4-C5FA6D89D23B}.Debug|Any CPU.Build.0 = Debug|Any CPU
		{40BB88F2-A83F-4FD7-AFA4-C5FA6D89D23B}.Release|Any CPU.ActiveCfg = Release|Any CPU
		{40BB88F2-A83F-4FD7-AFA4-C5FA6D89D23B}.Release|Any CPU.Build.0 = Release|Any CPU
		{00164BE6-95B8-4F21-B833-15BE79900940}.Debug|Any CPU.ActiveCfg = Debug|Any CPU
		{00164BE6-95B8-4F21-B833-15BE79900940}.Debug|Any CPU.Build.0 = Debug|Any CPU
		{00164BE6-95B8-4F21-B833-15BE79900940}.Release|Any CPU.ActiveCfg = Release|Any CPU
		{00164BE6-95B8-4F21-B833-15BE79900940}.Release|Any CPU.Build.0 = Release|Any CPU
		{9769694C-1E04-4941-8488-864C0CCDC8F1}.Debug|Any CPU.ActiveCfg = Debug|Any CPU
		{9769694C-1E04-4941-8488-864C0CCDC8F1}.Debug|Any CPU.Build.0 = Debug|Any CPU
		{9769694C-1E04-4941-8488-864C0CCDC8F1}.Release|Any CPU.ActiveCfg = Release|Any CPU
		{9769694C-1E04-4941-8488-864C0CCDC8F1}.Release|Any CPU.Build.0 = Release|Any CPU
	EndGlobalSection
	GlobalSection(SolutionProperties) = preSolution
		HideSolutionNode = FALSE
	EndGlobalSection
	GlobalSection(NestedProjects) = preSolution
		{D69FCAC7-47F5-4044-8EDC-167CB3BABBB2} = {887EA236-6853-4E80-BCFB-C025CB0DDBC6}
		{BF585E8E-53F4-4C26-9B32-5F284E50D6DA} = {887EA236-6853-4E80-BCFB-C025CB0DDBC6}
		{CAD503EE-8177-4249-9ED4-7CB4499FB69C} = {887EA236-6853-4E80-BCFB-C025CB0DDBC6}
		{0EA3B094-392F-43F1-8E95-243BFD794FDF} = {887EA236-6853-4E80-BCFB-C025CB0DDBC6}
		{40BB88F2-A83F-4FD7-AFA4-C5FA6D89D23B} = {887EA236-6853-4E80-BCFB-C025CB0DDBC6}
		{00164BE6-95B8-4F21-B833-15BE79900940} = {887EA236-6853-4E80-BCFB-C025CB0DDBC6}
		{9769694C-1E04-4941-8488-864C0CCDC8F1} = {887EA236-6853-4E80-BCFB-C025CB0DDBC6}
	EndGlobalSection
EndGlobal
