
Microsoft Visual Studio Solution File, Format Version 10.00
# Visual Studio 2008
Project("{2150E333-8FDC-42A3-9474-1A3956D46DE8}") = "Article", "Article", "{C02FEEDC-C11C-4474-B228-FD66D94EAD92}"
	ProjectSection(SolutionItems) = preProject
		Article\objectlevelsecurity.html = Article\objectlevelsecurity.html
	EndProjectSection
EndProject
Project("{2150E333-8FDC-42A3-9474-1A3956D46DE8}") = "Build", "Build", "{07E9F998-7930-4482-88F9-80A18BEBFBD4}"
	ProjectSection(SolutionItems) = preProject
		build.cmd = build.cmd
		ObjectLevelSecurity.proj = ObjectLevelSecurity.proj
	EndProjectSection
EndProject
Project("{2150E333-8FDC-42A3-9474-1A3956D46DE8}") = "Source", "Source", "{887EA236-6853-4E80-BCFB-C025CB0DDBC6}"
	ProjectSection(SolutionItems) = preProject
		Source\OLS.nunit = Source\OLS.nunit
	EndProjectSection
EndProject
Project("{FAE04EC0-301F-11D3-BF4B-00C04F79EFBC}") = "Data.Script", "Source\Data.Script\Data.Script.csproj", "{D69FCAC7-47F5-4044-8EDC-167CB3BABBB2}"
	ProjectSection(ProjectDependencies) = postProject
		{BF585E8E-53F4-4C26-9B32-5F284E50D6DA} = {BF585E8E-53F4-4C26-9B32-5F284E50D6DA}
	EndProjectSection
EndProject
Project("{FAE04EC0-301F-11D3-BF4B-00C04F79EFBC}") = "Version", "Source\Version\Version.csproj", "{BF585E8E-53F4-4C26-9B32-5F284E50D6DA}"
EndProject
Project("{FAE04EC0-301F-11D3-BF4B-00C04F79EFBC}") = "Data.NHibernate", "Source\Data.NHibernate\Data.NHibernate.csproj", "{CAD503EE-8177-4249-9ED4-7CB4499FB69C}"
EndProject
Project("{FAE04EC0-301F-11D3-BF4B-00C04F79EFBC}") = "Data.NHibernate.UnitTests", "Source\Data.NHibernate.UnitTests\Data.NHibernate.UnitTests.csproj", "{0EA3B094-392F-43F1-8E95-243BFD794FDF}"
EndProject
Project("{FAE04EC0-301F-11D3-BF4B-00C04F79EFBC}") = "Service.Identity", "Source\Service.Identity\Service.Identity.csproj", "{40BB88F2-A83F-4FD7-AFA4-C5FA6D89D23B}"
EndProject
Project("{FAE04EC0-301F-11D3-BF4B-00C04F79EFBC}") = "Service.NHibernate", "Source\Service.NHibernate\Service.NHibernate.csproj", "{00164BE6-95B8-4F21-B833-15BE79900940}"
EndProject
Project("{FAE04EC0-301F-11D3-BF4B-00C04F79EFBC}") = "Service.Identity.UnitTests", "Source\Service.Identity.UnitTests\Service.Identity.UnitTests.csproj", "{9769694C-1E04-4941-8488-864C0CCDC8F1}"
EndProject
Project("{FAE04EC0-301F-11D3-BF4B-00C04F79EFBC}") = "Service.Data", "Source\Service.Data\Service.Data.csproj", "{CB7F8E8F-07A5-4C9E-9FBA-82F5A646FF09}"
EndProject
Project("{FAE04EC0-301F-11D3-BF4B-00C04F79EFBC}") = "Service.Data.UnitTests", "Source\Service.Data.UnitTests\Service.Data.UnitTests.csproj", "{49A4E185-992B-4E4F-AEAB-79E54168925E}"
EndProject
Project("{E24C65DC-7377-472B-9ABA-BC803B73C61A}") = "Blogs", "Source\Blogs\", "{550F9CE1-797D-4F4C-B0A3-44C2242B5326}"
	ProjectSection(WebsiteProperties) = preProject
		TargetFramework = "3.5"
		ProjectReferences = "{CAD503EE-8177-4249-9ED4-7CB4499FB69C}|Data.NHibernate.dll;{CB7F8E8F-07A5-4C9E-9FBA-82F5A646FF09}|Service.Data.dll;{40BB88F2-A83F-4FD7-AFA4-C5FA6D89D23B}|Service.Identity.dll;{00164BE6-95B8-4F21-B833-15BE79900940}|Service.NHibernate.dll;"
		Debug.AspNetCompiler.VirtualPath = "/Blogs"
		Debug.AspNetCompiler.PhysicalPath = "Source\Blogs\"
		Debug.AspNetCompiler.TargetPath = "PrecompiledWeb\Blogs\"
		Debug.AspNetCompiler.Updateable = "true"
		Debug.AspNetCompiler.ForceOverwrite = "true"
		Debug.AspNetCompiler.FixedNames = "false"
		Debug.AspNetCompiler.Debug = "True"
		Release.AspNetCompiler.VirtualPath = "/Blogs"
		Release.AspNetCompiler.PhysicalPath = "Source\Blogs\"
		Release.AspNetCompiler.TargetPath = "PrecompiledWeb\Blogs\"
		Release.AspNetCompiler.Updateable = "true"
		Release.AspNetCompiler.ForceOverwrite = "true"
		Release.AspNetCompiler.FixedNames = "false"
		Release.AspNetCompiler.Debug = "False"
		VWDPort = "60137"
		DefaultWebSiteLanguage = "Visual C#"
	EndProjectSection
EndProject
Global
	GlobalSection(SolutionConfigurationPlatforms) = preSolution
		Debug|.NET = Debug|.NET
		Debug|Any CPU = Debug|Any CPU
		Debug|Mixed Platforms = Debug|Mixed Platforms
		Release|.NET = Release|.NET
		Release|Any CPU = Release|Any CPU
		Release|Mixed Platforms = Release|Mixed Platforms
	EndGlobalSection
	GlobalSection(ProjectConfigurationPlatforms) = postSolution
		{D69FCAC7-47F5-4044-8EDC-167CB3BABBB2}.Debug|.NET.ActiveCfg = Debug|Any CPU
		{D69FCAC7-47F5-4044-8EDC-167CB3BABBB2}.Debug|Any CPU.ActiveCfg = Debug|Any CPU
		{D69FCAC7-47F5-4044-8EDC-167CB3BABBB2}.Debug|Any CPU.Build.0 = Debug|Any CPU
		{D69FCAC7-47F5-4044-8EDC-167CB3BABBB2}.Debug|Mixed Platforms.ActiveCfg = Debug|Any CPU
		{D69FCAC7-47F5-4044-8EDC-167CB3BABBB2}.Debug|Mixed Platforms.Build.0 = Debug|Any CPU
		{D69FCAC7-47F5-4044-8EDC-167CB3BABBB2}.Release|.NET.ActiveCfg = Release|Any CPU
		{D69FCAC7-47F5-4044-8EDC-167CB3BABBB2}.Release|Any CPU.ActiveCfg = Release|Any CPU
		{D69FCAC7-47F5-4044-8EDC-167CB3BABBB2}.Release|Any CPU.Build.0 = Release|Any CPU
		{D69FCAC7-47F5-4044-8EDC-167CB3BABBB2}.Release|Mixed Platforms.ActiveCfg = Release|Any CPU
		{D69FCAC7-47F5-4044-8EDC-167CB3BABBB2}.Release|Mixed Platforms.Build.0 = Release|Any CPU
		{BF585E8E-53F4-4C26-9B32-5F284E50D6DA}.Debug|.NET.ActiveCfg = Debug|Any CPU
		{BF585E8E-53F4-4C26-9B32-5F284E50D6DA}.Debug|Any CPU.ActiveCfg = Debug|Any CPU
		{BF585E8E-53F4-4C26-9B32-5F284E50D6DA}.Debug|Any CPU.Build.0 = Debug|Any CPU
		{BF585E8E-53F4-4C26-9B32-5F284E50D6DA}.Debug|Mixed Platforms.ActiveCfg = Debug|Any CPU
		{BF585E8E-53F4-4C26-9B32-5F284E50D6DA}.Debug|Mixed Platforms.Build.0 = Debug|Any CPU
		{BF585E8E-53F4-4C26-9B32-5F284E50D6DA}.Release|.NET.ActiveCfg = Release|Any CPU
		{BF585E8E-53F4-4C26-9B32-5F284E50D6DA}.Release|Any CPU.ActiveCfg = Release|Any CPU
		{BF585E8E-53F4-4C26-9B32-5F284E50D6DA}.Release|Any CPU.Build.0 = Release|Any CPU
		{BF585E8E-53F4-4C26-9B32-5F284E50D6DA}.Release|Mixed Platforms.ActiveCfg = Release|Any CPU
		{BF585E8E-53F4-4C26-9B32-5F284E50D6DA}.Release|Mixed Platforms.Build.0 = Release|Any CPU
		{CAD503EE-8177-4249-9ED4-7CB4499FB69C}.Debug|.NET.ActiveCfg = Debug|Any CPU
		{CAD503EE-8177-4249-9ED4-7CB4499FB69C}.Debug|Any CPU.ActiveCfg = Debug|Any CPU
		{CAD503EE-8177-4249-9ED4-7CB4499FB69C}.Debug|Any CPU.Build.0 = Debug|Any CPU
		{CAD503EE-8177-4249-9ED4-7CB4499FB69C}.Debug|Mixed Platforms.ActiveCfg = Debug|Any CPU
		{CAD503EE-8177-4249-9ED4-7CB4499FB69C}.Debug|Mixed Platforms.Build.0 = Debug|Any CPU
		{CAD503EE-8177-4249-9ED4-7CB4499FB69C}.Release|.NET.ActiveCfg = Release|Any CPU
		{CAD503EE-8177-4249-9ED4-7CB4499FB69C}.Release|Any CPU.ActiveCfg = Release|Any CPU
		{CAD503EE-8177-4249-9ED4-7CB4499FB69C}.Release|Any CPU.Build.0 = Release|Any CPU
		{CAD503EE-8177-4249-9ED4-7CB4499FB69C}.Release|Mixed Platforms.ActiveCfg = Release|Any CPU
		{CAD503EE-8177-4249-9ED4-7CB4499FB69C}.Release|Mixed Platforms.Build.0 = Release|Any CPU
		{0EA3B094-392F-43F1-8E95-243BFD794FDF}.Debug|.NET.ActiveCfg = Debug|Any CPU
		{0EA3B094-392F-43F1-8E95-243BFD794FDF}.Debug|Any CPU.ActiveCfg = Debug|Any CPU
		{0EA3B094-392F-43F1-8E95-243BFD794FDF}.Debug|Any CPU.Build.0 = Debug|Any CPU
		{0EA3B094-392F-43F1-8E95-243BFD794FDF}.Debug|Mixed Platforms.ActiveCfg = Debug|Any CPU
		{0EA3B094-392F-43F1-8E95-243BFD794FDF}.Debug|Mixed Platforms.Build.0 = Debug|Any CPU
		{0EA3B094-392F-43F1-8E95-243BFD794FDF}.Release|.NET.ActiveCfg = Release|Any CPU
		{0EA3B094-392F-43F1-8E95-243BFD794FDF}.Release|Any CPU.ActiveCfg = Release|Any CPU
		{0EA3B094-392F-43F1-8E95-243BFD794FDF}.Release|Any CPU.Build.0 = Release|Any CPU
		{0EA3B094-392F-43F1-8E95-243BFD794FDF}.Release|Mixed Platforms.ActiveCfg = Release|Any CPU
		{0EA3B094-392F-43F1-8E95-243BFD794FDF}.Release|Mixed Platforms.Build.0 = Release|Any CPU
		{40BB88F2-A83F-4FD7-AFA4-C5FA6D89D23B}.Debug|.NET.ActiveCfg = Debug|Any CPU
		{40BB88F2-A83F-4FD7-AFA4-C5FA6D89D23B}.Debug|Any CPU.ActiveCfg = Debug|Any CPU
		{40BB88F2-A83F-4FD7-AFA4-C5FA6D89D23B}.Debug|Any CPU.Build.0 = Debug|Any CPU
		{40BB88F2-A83F-4FD7-AFA4-C5FA6D89D23B}.Debug|Mixed Platforms.ActiveCfg = Debug|Any CPU
		{40BB88F2-A83F-4FD7-AFA4-C5FA6D89D23B}.Debug|Mixed Platforms.Build.0 = Debug|Any CPU
		{40BB88F2-A83F-4FD7-AFA4-C5FA6D89D23B}.Release|.NET.ActiveCfg = Release|Any CPU
		{40BB88F2-A83F-4FD7-AFA4-C5FA6D89D23B}.Release|Any CPU.ActiveCfg = Release|Any CPU
		{40BB88F2-A83F-4FD7-AFA4-C5FA6D89D23B}.Release|Any CPU.Build.0 = Release|Any CPU
		{40BB88F2-A83F-4FD7-AFA4-C5FA6D89D23B}.Release|Mixed Platforms.ActiveCfg = Release|Any CPU
		{40BB88F2-A83F-4FD7-AFA4-C5FA6D89D23B}.Release|Mixed Platforms.Build.0 = Release|Any CPU
		{00164BE6-95B8-4F21-B833-15BE79900940}.Debug|.NET.ActiveCfg = Debug|Any CPU
		{00164BE6-95B8-4F21-B833-15BE79900940}.Debug|Any CPU.ActiveCfg = Debug|Any CPU
		{00164BE6-95B8-4F21-B833-15BE79900940}.Debug|Any CPU.Build.0 = Debug|Any CPU
		{00164BE6-95B8-4F21-B833-15BE79900940}.Debug|Mixed Platforms.ActiveCfg = Debug|Any CPU
		{00164BE6-95B8-4F21-B833-15BE79900940}.Debug|Mixed Platforms.Build.0 = Debug|Any CPU
		{00164BE6-95B8-4F21-B833-15BE79900940}.Release|.NET.ActiveCfg = Release|Any CPU
		{00164BE6-95B8-4F21-B833-15BE79900940}.Release|Any CPU.ActiveCfg = Release|Any CPU
		{00164BE6-95B8-4F21-B833-15BE79900940}.Release|Any CPU.Build.0 = Release|Any CPU
		{00164BE6-95B8-4F21-B833-15BE79900940}.Release|Mixed Platforms.ActiveCfg = Release|Any CPU
		{00164BE6-95B8-4F21-B833-15BE79900940}.Release|Mixed Platforms.Build.0 = Release|Any CPU
		{9769694C-1E04-4941-8488-864C0CCDC8F1}.Debug|.NET.ActiveCfg = Debug|Any CPU
		{9769694C-1E04-4941-8488-864C0CCDC8F1}.Debug|Any CPU.ActiveCfg = Debug|Any CPU
		{9769694C-1E04-4941-8488-864C0CCDC8F1}.Debug|Any CPU.Build.0 = Debug|Any CPU
		{9769694C-1E04-4941-8488-864C0CCDC8F1}.Debug|Mixed Platforms.ActiveCfg = Debug|Any CPU
		{9769694C-1E04-4941-8488-864C0CCDC8F1}.Debug|Mixed Platforms.Build.0 = Debug|Any CPU
		{9769694C-1E04-4941-8488-864C0CCDC8F1}.Release|.NET.ActiveCfg = Release|Any CPU
		{9769694C-1E04-4941-8488-864C0CCDC8F1}.Release|Any CPU.ActiveCfg = Release|Any CPU
		{9769694C-1E04-4941-8488-864C0CCDC8F1}.Release|Any CPU.Build.0 = Release|Any CPU
		{9769694C-1E04-4941-8488-864C0CCDC8F1}.Release|Mixed Platforms.ActiveCfg = Release|Any CPU
		{9769694C-1E04-4941-8488-864C0CCDC8F1}.Release|Mixed Platforms.Build.0 = Release|Any CPU
		{CB7F8E8F-07A5-4C9E-9FBA-82F5A646FF09}.Debug|.NET.ActiveCfg = Debug|Any CPU
		{CB7F8E8F-07A5-4C9E-9FBA-82F5A646FF09}.Debug|Any CPU.ActiveCfg = Debug|Any CPU
		{CB7F8E8F-07A5-4C9E-9FBA-82F5A646FF09}.Debug|Any CPU.Build.0 = Debug|Any CPU
		{CB7F8E8F-07A5-4C9E-9FBA-82F5A646FF09}.Debug|Mixed Platforms.ActiveCfg = Debug|Any CPU
		{CB7F8E8F-07A5-4C9E-9FBA-82F5A646FF09}.Debug|Mixed Platforms.Build.0 = Debug|Any CPU
		{CB7F8E8F-07A5-4C9E-9FBA-82F5A646FF09}.Release|.NET.ActiveCfg = Release|Any CPU
		{CB7F8E8F-07A5-4C9E-9FBA-82F5A646FF09}.Release|Any CPU.ActiveCfg = Release|Any CPU
		{CB7F8E8F-07A5-4C9E-9FBA-82F5A646FF09}.Release|Any CPU.Build.0 = Release|Any CPU
		{CB7F8E8F-07A5-4C9E-9FBA-82F5A646FF09}.Release|Mixed Platforms.ActiveCfg = Release|Any CPU
		{CB7F8E8F-07A5-4C9E-9FBA-82F5A646FF09}.Release|Mixed Platforms.Build.0 = Release|Any CPU
		{49A4E185-992B-4E4F-AEAB-79E54168925E}.Debug|.NET.ActiveCfg = Debug|Any CPU
		{49A4E185-992B-4E4F-AEAB-79E54168925E}.Debug|Any CPU.ActiveCfg = Debug|Any CPU
		{49A4E185-992B-4E4F-AEAB-79E54168925E}.Debug|Any CPU.Build.0 = Debug|Any CPU
		{49A4E185-992B-4E4F-AEAB-79E54168925E}.Debug|Mixed Platforms.ActiveCfg = Debug|Any CPU
		{49A4E185-992B-4E4F-AEAB-79E54168925E}.Debug|Mixed Platforms.Build.0 = Debug|Any CPU
		{49A4E185-992B-4E4F-AEAB-79E54168925E}.Release|.NET.ActiveCfg = Release|Any CPU
		{49A4E185-992B-4E4F-AEAB-79E54168925E}.Release|Any CPU.ActiveCfg = Release|Any CPU
		{49A4E185-992B-4E4F-AEAB-79E54168925E}.Release|Any CPU.Build.0 = Release|Any CPU
		{49A4E185-992B-4E4F-AEAB-79E54168925E}.Release|Mixed Platforms.ActiveCfg = Release|Any CPU
		{49A4E185-992B-4E4F-AEAB-79E54168925E}.Release|Mixed Platforms.Build.0 = Release|Any CPU
		{550F9CE1-797D-4F4C-B0A3-44C2242B5326}.Debug|.NET.ActiveCfg = Debug|.NET
		{550F9CE1-797D-4F4C-B0A3-44C2242B5326}.Debug|.NET.Build.0 = Debug|.NET
		{550F9CE1-797D-4F4C-B0A3-44C2242B5326}.Debug|Any CPU.ActiveCfg = Debug|.NET
		{550F9CE1-797D-4F4C-B0A3-44C2242B5326}.Debug|Mixed Platforms.ActiveCfg = Debug|.NET
		{550F9CE1-797D-4F4C-B0A3-44C2242B5326}.Debug|Mixed Platforms.Build.0 = Debug|.NET
		{550F9CE1-797D-4F4C-B0A3-44C2242B5326}.Release|.NET.ActiveCfg = Debug|.NET
		{550F9CE1-797D-4F4C-B0A3-44C2242B5326}.Release|.NET.Build.0 = Debug|.NET
		{550F9CE1-797D-4F4C-B0A3-44C2242B5326}.Release|Any CPU.ActiveCfg = Debug|.NET
		{550F9CE1-797D-4F4C-B0A3-44C2242B5326}.Release|Mixed Platforms.ActiveCfg = Debug|.NET
		{550F9CE1-797D-4F4C-B0A3-44C2242B5326}.Release|Mixed Platforms.Build.0 = Debug|.NET
	EndGlobalSection
	GlobalSection(SolutionProperties) = preSolution
		HideSolutionNode = FALSE
	EndGlobalSection
	GlobalSection(NestedProjects) = preSolution
		{D69FCAC7-47F5-4044-8EDC-167CB3BABBB2} = {887EA236-6853-4E80-BCFB-C025CB0DDBC6}
		{BF585E8E-53F4-4C26-9B32-5F284E50D6DA} = {887EA236-6853-4E80-BCFB-C025CB0DDBC6}
		{CAD503EE-8177-4249-9ED4-7CB4499FB69C} = {887EA236-6853-4E80-BCFB-C025CB0DDBC6}
		{0EA3B094-392F-43F1-8E95-243BFD794FDF} = {887EA236-6853-4E80-BCFB-C025CB0DDBC6}
		{40BB88F2-A83F-4FD7-AFA4-C5FA6D89D23B} = {887EA236-6853-4E80-BCFB-C025CB0DDBC6}
		{00164BE6-95B8-4F21-B833-15BE79900940} = {887EA236-6853-4E80-BCFB-C025CB0DDBC6}
		{9769694C-1E04-4941-8488-864C0CCDC8F1} = {887EA236-6853-4E80-BCFB-C025CB0DDBC6}
		{CB7F8E8F-07A5-4C9E-9FBA-82F5A646FF09} = {887EA236-6853-4E80-BCFB-C025CB0DDBC6}
		{49A4E185-992B-4E4F-AEAB-79E54168925E} = {887EA236-6853-4E80-BCFB-C025CB0DDBC6}
		{550F9CE1-797D-4F4C-B0A3-44C2242B5326} = {887EA236-6853-4E80-BCFB-C025CB0DDBC6}
	EndGlobalSection
EndGlobal
