
Microsoft Visual Studio Solution File, Format Version 10.00
# Visual Studio 2008
Project("{FAE04EC0-301F-11D3-BF4B-00C04F79EFBC}") = "OutlookDeleteEmptyFolders", "OutlookDeleteEmptyFolders.csproj", "{49224DB0-D628-4043-B730-F8E860F0C20B}"
EndProject
Global
	GlobalSection(SolutionConfigurationPlatforms) = preSolution
		Debug|Any CPU = Debug|Any CPU
		Release|Any CPU = Release|Any CPU
	EndGlobalSection
	GlobalSection(ProjectConfigurationPlatforms) = postSolution
		{49224DB0-D628-4043-B730-F8E860F0C20B}.Debug|Any CPU.ActiveCfg = Debug|Any CPU
		{49224DB0-D628-4043-B730-F8E860F0C20B}.Debug|Any CPU.Build.0 = Debug|Any CPU
		{49224DB0-D628-4043-B730-F8E860F0C20B}.Release|Any CPU.ActiveCfg = Release|Any CPU
		{49224DB0-D628-4043-B730-F8E860F0C20B}.Release|Any CPU.Build.0 = Release|Any CPU
	EndGlobalSection
	GlobalSection(SolutionProperties) = preSolution
		HideSolutionNode = FALSE
	EndGlobalSection
EndGlobal
