
Microsoft Visual Studio Solution File, Format Version 9.00
# Visual Studio 2005
Project("{FAE04EC0-301F-11D3-BF4B-00C04F79EFBC}") = "RotatePassword", "Source\RotatePassword.csproj", "{463332C3-CEEC-4100-BE3C-DBE1DB5D0C46}"
	ProjectSection(WebsiteProperties) = preProject
		Debug.AspNetCompiler.Debug = "True"
		Release.AspNetCompiler.Debug = "False"
	EndProjectSection
EndProject
Project("{2150E333-8FDC-42A3-9474-1A3956D46DE8}") = "Article", "Article", "{53C7EA2E-9475-43CF-AE3B-3A9BF65C3611}"
	ProjectSection(WebsiteProperties) = preProject
		Debug.AspNetCompiler.Debug = "True"
		Release.AspNetCompiler.Debug = "False"
	EndProjectSection
	ProjectSection(SolutionItems) = preProject
		Article\RotatePassword.html = Article\RotatePassword.html
	EndProjectSection
EndProject
Project("{2150E333-8FDC-42A3-9474-1A3956D46DE8}") = "Build", "Build", "{B0255422-B1E9-4226-9FB2-2EED4258CBC6}"
	ProjectSection(WebsiteProperties) = preProject
		Debug.AspNetCompiler.Debug = "True"
		Release.AspNetCompiler.Debug = "False"
	EndProjectSection
	ProjectSection(SolutionItems) = preProject
		build.cmd = build.cmd
		RotatePassword.proj = RotatePassword.proj
	EndProjectSection
EndProject
Global
	GlobalSection(SolutionConfigurationPlatforms) = preSolution
		Debug|Any CPU = Debug|Any CPU
		Release|Any CPU = Release|Any CPU
	EndGlobalSection
	GlobalSection(ProjectConfigurationPlatforms) = postSolution
		{463332C3-CEEC-4100-BE3C-DBE1DB5D0C46}.Debug|Any CPU.ActiveCfg = Debug|Any CPU
		{463332C3-CEEC-4100-BE3C-DBE1DB5D0C46}.Debug|Any CPU.Build.0 = Debug|Any CPU
		{463332C3-CEEC-4100-BE3C-DBE1DB5D0C46}.Release|Any CPU.ActiveCfg = Release|Any CPU
		{463332C3-CEEC-4100-BE3C-DBE1DB5D0C46}.Release|Any CPU.Build.0 = Release|Any CPU
	EndGlobalSection
	GlobalSection(SolutionProperties) = preSolution
		HideSolutionNode = FALSE
	EndGlobalSection
EndGlobal
